
Microsoft Visual Studio Solution File, Format Version 12.00
Project("{FAE04EC0-301F-11D3-BF4B-00C04F79EFBC}") = "ConsoleClient", "ConsoleClient\ConsoleClient.csproj", "{3876ACEC-F9B8-4D98-A68F-F09D6278F2CC}"
EndProject
Project("{2150E333-8FDC-42A3-9474-1A3956D46DE8}") = "UI", "UI", "{D5074314-46C1-4E4E-8B89-A823A6DDF7BB}"
EndProject
Project("{2150E333-8FDC-42A3-9474-1A3956D46DE8}") = "Logic", "Logic", "{0DB27638-417E-4502-A7B3-5385F18A0657}"
EndProject
Project("{2150E333-8FDC-42A3-9474-1A3956D46DE8}") = "Data", "Data", "{BAC153C0-C0EF-4939-A360-03E9C758DB7D}"
EndProject
Project("{2150E333-8FDC-42A3-9474-1A3956D46DE8}") = "CrossCutting", "CrossCutting", "{41BDD49B-10CD-4249-A513-8C921F2CC2D6}"
EndProject
Project("{FAE04EC0-301F-11D3-BF4B-00C04F79EFBC}") = "PersonManagement", "PersonManagement\PersonManagement.csproj", "{96A175AB-1635-472C-8EA8-1109FD6DA59C}"
EndProject
Project("{FAE04EC0-301F-11D3-BF4B-00C04F79EFBC}") = "DataStoring", "DataStoring\DataStoring.csproj", "{2A70476F-7D6F-4E26-8527-F6080D2EC1FF}"
EndProject
Project("{FAE04EC0-301F-11D3-BF4B-00C04F79EFBC}") = "FileStoring", "FileStoring\FileStoring.csproj", "{2C271DC5-E0AC-4FF6-A657-8C5B3A4C0242}"
EndProject
Project("{FAE04EC0-301F-11D3-BF4B-00C04F79EFBC}") = "DataClasses", "DataClasses\DataClasses.csproj", "{65FDBAC2-B46D-409D-84E9-DE4DDB84B59B}"
EndProject
Global
	GlobalSection(SolutionConfigurationPlatforms) = preSolution
		Debug|Any CPU = Debug|Any CPU
		Release|Any CPU = Release|Any CPU
	EndGlobalSection
	GlobalSection(ProjectConfigurationPlatforms) = postSolution
		{3876ACEC-F9B8-4D98-A68F-F09D6278F2CC}.Debug|Any CPU.ActiveCfg = Debug|Any CPU
		{3876ACEC-F9B8-4D98-A68F-F09D6278F2CC}.Debug|Any CPU.Build.0 = Debug|Any CPU
		{3876ACEC-F9B8-4D98-A68F-F09D6278F2CC}.Release|Any CPU.ActiveCfg = Release|Any CPU
		{3876ACEC-F9B8-4D98-A68F-F09D6278F2CC}.Release|Any CPU.Build.0 = Release|Any CPU
		{96A175AB-1635-472C-8EA8-1109FD6DA59C}.Debug|Any CPU.ActiveCfg = Debug|Any CPU
		{96A175AB-1635-472C-8EA8-1109FD6DA59C}.Debug|Any CPU.Build.0 = Debug|Any CPU
		{96A175AB-1635-472C-8EA8-1109FD6DA59C}.Release|Any CPU.ActiveCfg = Release|Any CPU
		{96A175AB-1635-472C-8EA8-1109FD6DA59C}.Release|Any CPU.Build.0 = Release|Any CPU
		{2A70476F-7D6F-4E26-8527-F6080D2EC1FF}.Debug|Any CPU.ActiveCfg = Debug|Any CPU
		{2A70476F-7D6F-4E26-8527-F6080D2EC1FF}.Debug|Any CPU.Build.0 = Debug|Any CPU
		{2A70476F-7D6F-4E26-8527-F6080D2EC1FF}.Release|Any CPU.ActiveCfg = Release|Any CPU
		{2A70476F-7D6F-4E26-8527-F6080D2EC1FF}.Release|Any CPU.Build.0 = Release|Any CPU
		{2C271DC5-E0AC-4FF6-A657-8C5B3A4C0242}.Debug|Any CPU.ActiveCfg = Debug|Any CPU
		{2C271DC5-E0AC-4FF6-A657-8C5B3A4C0242}.Debug|Any CPU.Build.0 = Debug|Any CPU
		{2C271DC5-E0AC-4FF6-A657-8C5B3A4C0242}.Release|Any CPU.ActiveCfg = Release|Any CPU
		{2C271DC5-E0AC-4FF6-A657-8C5B3A4C0242}.Release|Any CPU.Build.0 = Release|Any CPU
		{65FDBAC2-B46D-409D-84E9-DE4DDB84B59B}.Debug|Any CPU.ActiveCfg = Debug|Any CPU
		{65FDBAC2-B46D-409D-84E9-DE4DDB84B59B}.Debug|Any CPU.Build.0 = Debug|Any CPU
		{65FDBAC2-B46D-409D-84E9-DE4DDB84B59B}.Release|Any CPU.ActiveCfg = Release|Any CPU
		{65FDBAC2-B46D-409D-84E9-DE4DDB84B59B}.Release|Any CPU.Build.0 = Release|Any CPU
	EndGlobalSection
	GlobalSection(NestedProjects) = preSolution
		{3876ACEC-F9B8-4D98-A68F-F09D6278F2CC} = {D5074314-46C1-4E4E-8B89-A823A6DDF7BB}
		{96A175AB-1635-472C-8EA8-1109FD6DA59C} = {0DB27638-417E-4502-A7B3-5385F18A0657}
		{2A70476F-7D6F-4E26-8527-F6080D2EC1FF} = {BAC153C0-C0EF-4939-A360-03E9C758DB7D}
		{2C271DC5-E0AC-4FF6-A657-8C5B3A4C0242} = {BAC153C0-C0EF-4939-A360-03E9C758DB7D}
		{65FDBAC2-B46D-409D-84E9-DE4DDB84B59B} = {41BDD49B-10CD-4249-A513-8C921F2CC2D6}
	EndGlobalSection
EndGlobal
