
Microsoft Visual Studio Solution File, Format Version 12.00
Project("{FAE04EC0-301F-11D3-BF4B-00C04F79EFBC}") = "ConsoleClient", "ConsoleClient\ConsoleClient.csproj", "{3876ACEC-F9B8-4D98-A68F-F09D6278F2CC}"
EndProject
Global
	GlobalSection(SolutionConfigurationPlatforms) = preSolution
		Debug|Any CPU = Debug|Any CPU
		Release|Any CPU = Release|Any CPU
	EndGlobalSection
	GlobalSection(ProjectConfigurationPlatforms) = postSolution
		{3876ACEC-F9B8-4D98-A68F-F09D6278F2CC}.Debug|Any CPU.ActiveCfg = Debug|Any CPU
		{3876ACEC-F9B8-4D98-A68F-F09D6278F2CC}.Debug|Any CPU.Build.0 = Debug|Any CPU
		{3876ACEC-F9B8-4D98-A68F-F09D6278F2CC}.Release|Any CPU.ActiveCfg = Release|Any CPU
		{3876ACEC-F9B8-4D98-A68F-F09D6278F2CC}.Release|Any CPU.Build.0 = Release|Any CPU
	EndGlobalSection
EndGlobal
